
Microsoft Visual Studio Solution File, Format Version 12.00
# Visual Studio Version 17
VisualStudioVersion = 17.5.33424.131
MinimumVisualStudioVersion = 10.0.40219.1
Project("{FAE04EC0-301F-11D3-BF4B-00C04F79EFBC}") = "LuaDependencyFinder", "LuaDependencyFinder\LuaDependencyFinder.csproj", "{6CE377EE-7647-4499-9EFC-C1FE8E197863}"
EndProject
Global
	GlobalSection(SolutionConfigurationPlatforms) = preSolution
		Debug|Any CPU = Debug|Any CPU
		Release|Any CPU = Release|Any CPU
	EndGlobalSection
	GlobalSection(ProjectConfigurationPlatforms) = postSolution
		{6CE377EE-7647-4499-9EFC-C1FE8E197863}.Debug|Any CPU.ActiveCfg = Debug|Any CPU
		{6CE377EE-7647-4499-9EFC-C1FE8E197863}.Debug|Any CPU.Build.0 = Debug|Any CPU
		{6CE377EE-7647-4499-9EFC-C1FE8E197863}.Release|Any CPU.ActiveCfg = Release|Any CPU
		{6CE377EE-7647-4499-9EFC-C1FE8E197863}.Release|Any CPU.Build.0 = Release|Any CPU
	EndGlobalSection
	GlobalSection(SolutionProperties) = preSolution
		HideSolutionNode = FALSE
	EndGlobalSection
	GlobalSection(ExtensibilityGlobals) = postSolution
		SolutionGuid = {3F7F58F7-8246-46A7-9FE1-673E66ACB274}
	EndGlobalSection
EndGlobal
